
Microsoft Visual Studio Solution File, Format Version 12.00
# Visual Studio Version 17
VisualStudioVersion = 17.5.33530.505
MinimumVisualStudioVersion = 10.0.40219.1
Project("{FAE04EC0-301F-11D3-BF4B-00C04F79EFBC}") = "Pogramacion-IV-github", "Pogramacion-IV-github\Pogramacion-IV-github.csproj", "{7D13FCE3-7943-4FB0-8C5F-92BE18076FFB}"
EndProject
Global
	GlobalSection(SolutionConfigurationPlatforms) = preSolution
		Debug|Any CPU = Debug|Any CPU
		Release|Any CPU = Release|Any CPU
	EndGlobalSection
	GlobalSection(ProjectConfigurationPlatforms) = postSolution
		{7D13FCE3-7943-4FB0-8C5F-92BE18076FFB}.Debug|Any CPU.ActiveCfg = Debug|Any CPU
		{7D13FCE3-7943-4FB0-8C5F-92BE18076FFB}.Debug|Any CPU.Build.0 = Debug|Any CPU
		{7D13FCE3-7943-4FB0-8C5F-92BE18076FFB}.Release|Any CPU.ActiveCfg = Release|Any CPU
		{7D13FCE3-7943-4FB0-8C5F-92BE18076FFB}.Release|Any CPU.Build.0 = Release|Any CPU
	EndGlobalSection
	GlobalSection(SolutionProperties) = preSolution
		HideSolutionNode = FALSE
	EndGlobalSection
	GlobalSection(ExtensibilityGlobals) = postSolution
		SolutionGuid = {885969AF-678B-45C5-89D3-AE24949FFFA0}
	EndGlobalSection
EndGlobal
